
Microsoft Visual Studio Solution File, Format Version 12.00
# Visual Studio Version 17
VisualStudioVersion = 17.9.34723.18
MinimumVisualStudioVersion = 10.0.40219.1
Project("{9A19103F-16F7-4668-BE54-9A1E7A4F7556}") = "VpsAdminBe", "VpsAdminBe\VpsAdminBe.csproj", "{DD92CFE2-D2F4-4814-A4ED-0025EBBB869A}"
EndProject
Project("{9A19103F-16F7-4668-BE54-9A1E7A4F7556}") = "VpsAdminFe", "VpsAdminFe\VpsAdminFe.csproj", "{8D57D039-4FE6-4A8C-A4F7-3813E8B80A7B}"
EndProject
Global
	GlobalSection(SolutionConfigurationPlatforms) = preSolution
		Debug|Any CPU = Debug|Any CPU
		Release|Any CPU = Release|Any CPU
	EndGlobalSection
	GlobalSection(ProjectConfigurationPlatforms) = postSolution
		{DD92CFE2-D2F4-4814-A4ED-0025EBBB869A}.Debug|Any CPU.ActiveCfg = Debug|Any CPU
		{DD92CFE2-D2F4-4814-A4ED-0025EBBB869A}.Debug|Any CPU.Build.0 = Debug|Any CPU
		{DD92CFE2-D2F4-4814-A4ED-0025EBBB869A}.Release|Any CPU.ActiveCfg = Release|Any CPU
		{DD92CFE2-D2F4-4814-A4ED-0025EBBB869A}.Release|Any CPU.Build.0 = Release|Any CPU
		{8D57D039-4FE6-4A8C-A4F7-3813E8B80A7B}.Debug|Any CPU.ActiveCfg = Debug|Any CPU
		{8D57D039-4FE6-4A8C-A4F7-3813E8B80A7B}.Debug|Any CPU.Build.0 = Debug|Any CPU
		{8D57D039-4FE6-4A8C-A4F7-3813E8B80A7B}.Release|Any CPU.ActiveCfg = Release|Any CPU
		{8D57D039-4FE6-4A8C-A4F7-3813E8B80A7B}.Release|Any CPU.Build.0 = Release|Any CPU
	EndGlobalSection
	GlobalSection(SolutionProperties) = preSolution
		HideSolutionNode = FALSE
	EndGlobalSection
	GlobalSection(ExtensibilityGlobals) = postSolution
		SolutionGuid = {38E07022-5C70-4CDF-B4EE-18B83AB7E154}
	EndGlobalSection
EndGlobal
