
Microsoft Visual Studio Solution File, Format Version 12.00
# Visual Studio Version 17
VisualStudioVersion = 17.9.34723.18
MinimumVisualStudioVersion = 10.0.40219.1
Project("{FAE04EC0-301F-11D3-BF4B-00C04F79EFBC}") = "VpsAdminFe", "VpsAdminFe.csproj", "{FB752AF4-1E79-482A-9D7E-22E222602868}"
EndProject
Global
	GlobalSection(SolutionConfigurationPlatforms) = preSolution
		Debug|Any CPU = Debug|Any CPU
		Release|Any CPU = Release|Any CPU
	EndGlobalSection
	GlobalSection(ProjectConfigurationPlatforms) = postSolution
		{FB752AF4-1E79-482A-9D7E-22E222602868}.Debug|Any CPU.ActiveCfg = Debug|Any CPU
		{FB752AF4-1E79-482A-9D7E-22E222602868}.Debug|Any CPU.Build.0 = Debug|Any CPU
		{FB752AF4-1E79-482A-9D7E-22E222602868}.Release|Any CPU.ActiveCfg = Release|Any CPU
		{FB752AF4-1E79-482A-9D7E-22E222602868}.Release|Any CPU.Build.0 = Release|Any CPU
	EndGlobalSection
	GlobalSection(SolutionProperties) = preSolution
		HideSolutionNode = FALSE
	EndGlobalSection
	GlobalSection(ExtensibilityGlobals) = postSolution
		SolutionGuid = {3CCDD94E-62E2-458B-9F55-9F624711EC69}
	EndGlobalSection
EndGlobal
